// !$*UTF8*$!
{
	archiveVersion = 1;
	classes = {
	};
	objectVersion = 51;
	objects = {

/* Begin PBXBuildFile section */
		30307938255D29450087212B /* Constants.swift in Sources */ = {isa = PBXBuildFile; fileRef = 30307937255D29450087212B /* Constants.swift */; };
		3030794E255D2AE80087212B /* Message.swift in Sources */ = {isa = PBXBuildFile; fileRef = 3030794D255D2AE80087212B /* Message.swift */; };
		30307953255D2E6A0087212B /* MessageCell.swift in Sources */ = {isa = PBXBuildFile; fileRef = 30307951255D2E6A0087212B /* MessageCell.swift */; };
		30307954255D2E6A0087212B /* MessageCell.xib in Resources */ = {isa = PBXBuildFile; fileRef = 30307952255D2E6A0087212B /* MessageCell.xib */; };
		3059E6C8255BDC4100D5F915 /* AppDelegate.swift in Sources */ = {isa = PBXBuildFile; fileRef = 3059E6C7255BDC4100D5F915 /* AppDelegate.swift */; };
		3059E6CA255BDC4100D5F915 /* SceneDelegate.swift in Sources */ = {isa = PBXBuildFile; fileRef = 3059E6C9255BDC4100D5F915 /* SceneDelegate.swift */; };
		3059E6CC255BDC4100D5F915 /* WelcomeViewController.swift in Sources */ = {isa = PBXBuildFile; fileRef = 3059E6CB255BDC4100D5F915 /* WelcomeViewController.swift */; };
		3059E6CF255BDC4100D5F915 /* Main.storyboard in Resources */ = {isa = PBXBuildFile; fileRef = 3059E6CD255BDC4100D5F915 /* Main.storyboard */; };
		3059E6D1255BDC4500D5F915 /* Assets.xcassets in Resources */ = {isa = PBXBuildFile; fileRef = 3059E6D0255BDC4500D5F915 /* Assets.xcassets */; };
		3059E6D4255BDC4500D5F915 /* LaunchScreen.storyboard in Resources */ = {isa = PBXBuildFile; fileRef = 3059E6D2255BDC4500D5F915 /* LaunchScreen.storyboard */; };
		3059E6E2255BEA0400D5F915 /* RegisterViewController.swift in Sources */ = {isa = PBXBuildFile; fileRef = 3059E6E1255BEA0400D5F915 /* RegisterViewController.swift */; };
		3059E6E5255BEB1F00D5F915 /* LoginViewController.swift in Sources */ = {isa = PBXBuildFile; fileRef = 3059E6E4255BEB1F00D5F915 /* LoginViewController.swift */; };
		3059E6E9255BEE1E00D5F915 /* ChatViewController.swift in Sources */ = {isa = PBXBuildFile; fileRef = 3059E6E8255BEE1E00D5F915 /* ChatViewController.swift */; };
		30CD4F0E255CDDEB00D8A7E3 /* GoogleService-Info.plist in Resources */ = {isa = PBXBuildFile; fileRef = 30CD4F0D255CDDEB00D8A7E3 /* GoogleService-Info.plist */; };
		F6FC3E44834A9100DF22D9EF /* Pods_flash_chat.framework in Frameworks */ = {isa = PBXBuildFile; fileRef = 36B3FEFF7ABBE34D6CADEE43 /* Pods_flash_chat.framework */; };
/* End PBXBuildFile section */

/* Begin PBXFileReference section */
		30307937255D29450087212B /* Constants.swift */ = {isa = PBXFileReference; lastKnownFileType = sourcecode.swift; path = Constants.swift; sourceTree = "<group>"; };
		3030794D255D2AE80087212B /* Message.swift */ = {isa = PBXFileReference; lastKnownFileType = sourcecode.swift; path = Message.swift; sourceTree = "<group>"; };
		30307951255D2E6A0087212B /* MessageCell.swift */ = {isa = PBXFileReference; lastKnownFileType = sourcecode.swift; path = MessageCell.swift; sourceTree = "<group>"; };
		30307952255D2E6A0087212B /* MessageCell.xib */ = {isa = PBXFileReference; lastKnownFileType = file.xib; path = MessageCell.xib; sourceTree = "<group>"; };
		3059E6C4255BDC4100D5F915 /* flash-chat.app */ = {isa = PBXFileReference; explicitFileType = wrapper.application; includeInIndex = 0; path = "flash-chat.app"; sourceTree = BUILT_PRODUCTS_DIR; };
		3059E6C7255BDC4100D5F915 /* AppDelegate.swift */ = {isa = PBXFileReference; lastKnownFileType = sourcecode.swift; path = AppDelegate.swift; sourceTree = "<group>"; };
		3059E6C9255BDC4100D5F915 /* SceneDelegate.swift */ = {isa = PBXFileReference; lastKnownFileType = sourcecode.swift; path = SceneDelegate.swift; sourceTree = "<group>"; };
		3059E6CB255BDC4100D5F915 /* WelcomeViewController.swift */ = {isa = PBXFileReference; lastKnownFileType = sourcecode.swift; path = WelcomeViewController.swift; sourceTree = "<group>"; };
		3059E6CE255BDC4100D5F915 /* Base */ = {isa = PBXFileReference; lastKnownFileType = file.storyboard; name = Base; path = Base.lproj/Main.storyboard; sourceTree = "<group>"; };
		3059E6D0255BDC4500D5F915 /* Assets.xcassets */ = {isa = PBXFileReference; lastKnownFileType = folder.assetcatalog; path = Assets.xcassets; sourceTree = "<group>"; };
		3059E6D3255BDC4500D5F915 /* Base */ = {isa = PBXFileReference; lastKnownFileType = file.storyboard; name = Base; path = Base.lproj/LaunchScreen.storyboard; sourceTree = "<group>"; };
		3059E6D5255BDC4500D5F915 /* Info.plist */ = {isa = PBXFileReference; lastKnownFileType = text.plist.xml; path = Info.plist; sourceTree = "<group>"; };
		3059E6E1255BEA0400D5F915 /* RegisterViewController.swift */ = {isa = PBXFileReference; lastKnownFileType = sourcecode.swift; path = RegisterViewController.swift; sourceTree = "<group>"; };
		3059E6E4255BEB1F00D5F915 /* LoginViewController.swift */ = {isa = PBXFileReference; lastKnownFileType = sourcecode.swift; name = LoginViewController.swift; path = "flash-chat/Controller/LoginViewController.swift"; sourceTree = SOURCE_ROOT; };
		3059E6E8255BEE1E00D5F915 /* ChatViewController.swift */ = {isa = PBXFileReference; lastKnownFileType = sourcecode.swift; path = ChatViewController.swift; sourceTree = "<group>"; };
		30CD4F0D255CDDEB00D8A7E3 /* GoogleService-Info.plist */ = {isa = PBXFileReference; fileEncoding = 4; lastKnownFileType = text.plist.xml; path = "GoogleService-Info.plist"; sourceTree = "<group>"; };
		36B3FEFF7ABBE34D6CADEE43 /* Pods_flash_chat.framework */ = {isa = PBXFileReference; explicitFileType = wrapper.framework; includeInIndex = 0; path = Pods_flash_chat.framework; sourceTree = BUILT_PRODUCTS_DIR; };
		408B00E39F34D9FB3D1AA145 /* Pods-flash-chat.debug.xcconfig */ = {isa = PBXFileReference; includeInIndex = 1; lastKnownFileType = text.xcconfig; name = "Pods-flash-chat.debug.xcconfig"; path = "Target Support Files/Pods-flash-chat/Pods-flash-chat.debug.xcconfig"; sourceTree = "<group>"; };
		B313E4746A79A56C5B81145A /* Pods-flash-chat.release.xcconfig */ = {isa = PBXFileReference; includeInIndex = 1; lastKnownFileType = text.xcconfig; name = "Pods-flash-chat.release.xcconfig"; path = "Target Support Files/Pods-flash-chat/Pods-flash-chat.release.xcconfig"; sourceTree = "<group>"; };
/* End PBXFileReference section */

/* Begin PBXFrameworksBuildPhase section */
		3059E6C1255BDC4100D5F915 /* Frameworks */ = {
			isa = PBXFrameworksBuildPhase;
			buildActionMask = 2147483647;
			files = (
				F6FC3E44834A9100DF22D9EF /* Pods_flash_chat.framework in Frameworks */,
			);
			runOnlyForDeploymentPostprocessing = 0;
		};
/* End PBXFrameworksBuildPhase section */

/* Begin PBXGroup section */
		3030794C255D2ADD0087212B /* Model */ = {
			isa = PBXGroup;
			children = (
				3030794D255D2AE80087212B /* Message.swift */,
			);
			path = Model;
			sourceTree = "<group>";
		};
		3059E6BB255BDC4100D5F915 = {
			isa = PBXGroup;
			children = (
				3059E6C6255BDC4100D5F915 /* flash-chat */,
				3059E6C5255BDC4100D5F915 /* Products */,
				A9C6B19803A3D27699E1497A /* Pods */,
				E5E026DBF1744D3E88742932 /* Frameworks */,
			);
			sourceTree = "<group>";
		};
		3059E6C5255BDC4100D5F915 /* Products */ = {
			isa = PBXGroup;
			children = (
				3059E6C4255BDC4100D5F915 /* flash-chat.app */,
			);
			name = Products;
			sourceTree = "<group>";
		};
		3059E6C6255BDC4100D5F915 /* flash-chat */ = {
			isa = PBXGroup;
			children = (
				3030794C255D2ADD0087212B /* Model */,
				30CD4F0D255CDDEB00D8A7E3 /* GoogleService-Info.plist */,
				3059E6DD255BDC8200D5F915 /* Controller */,
				3059E6DC255BDC7200D5F915 /* View */,
				3059E6C7255BDC4100D5F915 /* AppDelegate.swift */,
				3059E6C9255BDC4100D5F915 /* SceneDelegate.swift */,
				3059E6D0255BDC4500D5F915 /* Assets.xcassets */,
				3059E6D2255BDC4500D5F915 /* LaunchScreen.storyboard */,
				3059E6D5255BDC4500D5F915 /* Info.plist */,
				30307937255D29450087212B /* Constants.swift */,
			);
			path = "flash-chat";
			sourceTree = "<group>";
		};
		3059E6DC255BDC7200D5F915 /* View */ = {
			isa = PBXGroup;
			children = (
				3059E6CD255BDC4100D5F915 /* Main.storyboard */,
				30307951255D2E6A0087212B /* MessageCell.swift */,
				30307952255D2E6A0087212B /* MessageCell.xib */,
			);
			path = View;
			sourceTree = "<group>";
		};
		3059E6DD255BDC8200D5F915 /* Controller */ = {
			isa = PBXGroup;
			children = (
				3059E6CB255BDC4100D5F915 /* WelcomeViewController.swift */,
				3059E6E1255BEA0400D5F915 /* RegisterViewController.swift */,
				3059E6E4255BEB1F00D5F915 /* LoginViewController.swift */,
				3059E6E8255BEE1E00D5F915 /* ChatViewController.swift */,
			);
			path = Controller;
			sourceTree = "<group>";
		};
		A9C6B19803A3D27699E1497A /* Pods */ = {
			isa = PBXGroup;
			children = (
				408B00E39F34D9FB3D1AA145 /* Pods-flash-chat.debug.xcconfig */,
				B313E4746A79A56C5B81145A /* Pods-flash-chat.release.xcconfig */,
			);
			path = Pods;
			sourceTree = "<group>";
		};
		E5E026DBF1744D3E88742932 /* Frameworks */ = {
			isa = PBXGroup;
			children = (
				36B3FEFF7ABBE34D6CADEE43 /* Pods_flash_chat.framework */,
			);
			name = Frameworks;
			sourceTree = "<group>";
		};
/* End PBXGroup section */

/* Begin PBXNativeTarget section */
		3059E6C3255BDC4100D5F915 /* flash-chat */ = {
			isa = PBXNativeTarget;
			buildConfigurationList = 3059E6D8255BDC4500D5F915 /* Build configuration list for PBXNativeTarget "flash-chat" */;
			buildPhases = (
				AB76F8A8E74ECE8ECD818170 /* [CP] Check Pods Manifest.lock */,
				3059E6C0255BDC4100D5F915 /* Sources */,
				3059E6C1255BDC4100D5F915 /* Frameworks */,
				3059E6C2255BDC4100D5F915 /* Resources */,
				447CD8F323EF51CE2C7A48FF /* [CP] Embed Pods Frameworks */,
			);
			buildRules = (
			);
			dependencies = (
			);
			name = "flash-chat";
			productName = "flash-chat";
			productReference = 3059E6C4255BDC4100D5F915 /* flash-chat.app */;
			productType = "com.apple.product-type.application";
		};
/* End PBXNativeTarget section */

/* Begin PBXProject section */
		3059E6BC255BDC4100D5F915 /* Project object */ = {
			isa = PBXProject;
			attributes = {
				LastSwiftUpdateCheck = 1210;
				LastUpgradeCheck = 1210;
				TargetAttributes = {
					3059E6C3255BDC4100D5F915 = {
						CreatedOnToolsVersion = 12.1;
					};
				};
			};
			buildConfigurationList = 3059E6BF255BDC4100D5F915 /* Build configuration list for PBXProject "flash-chat" */;
			compatibilityVersion = "Xcode 9.3";
			developmentRegion = en;
			hasScannedForEncodings = 0;
			knownRegions = (
				en,
				Base,
			);
			mainGroup = 3059E6BB255BDC4100D5F915;
			productRefGroup = 3059E6C5255BDC4100D5F915 /* Products */;
			projectDirPath = "";
			projectRoot = "";
			targets = (
				3059E6C3255BDC4100D5F915 /* flash-chat */,
			);
		};
/* End PBXProject section */

/* Begin PBXResourcesBuildPhase section */
		3059E6C2255BDC4100D5F915 /* Resources */ = {
			isa = PBXResourcesBuildPhase;
			buildActionMask = 2147483647;
			files = (
				30307954255D2E6A0087212B /* MessageCell.xib in Resources */,
				3059E6D4255BDC4500D5F915 /* LaunchScreen.storyboard in Resources */,
				30CD4F0E255CDDEB00D8A7E3 /* GoogleService-Info.plist in Resources */,
				3059E6D1255BDC4500D5F915 /* Assets.xcassets in Resources */,
				3059E6CF255BDC4100D5F915 /* Main.storyboard in Resources */,
			);
			runOnlyForDeploymentPostprocessing = 0;
		};
/* End PBXResourcesBuildPhase section */

/* Begin PBXShellScriptBuildPhase section */
		447CD8F323EF51CE2C7A48FF /* [CP] Embed Pods Frameworks */ = {
			isa = PBXShellScriptBuildPhase;
			buildActionMask = 2147483647;
			files = (
			);
			inputFileListPaths = (
				"${PODS_ROOT}/Target Support Files/Pods-flash-chat/Pods-flash-chat-frameworks-${CONFIGURATION}-input-files.xcfilelist",
			);
			name = "[CP] Embed Pods Frameworks";
			outputFileListPaths = (
				"${PODS_ROOT}/Target Support Files/Pods-flash-chat/Pods-flash-chat-frameworks-${CONFIGURATION}-output-files.xcfilelist",
			);
			runOnlyForDeploymentPostprocessing = 0;
			shellPath = /bin/sh;
			shellScript = "\"${PODS_ROOT}/Target Support Files/Pods-flash-chat/Pods-flash-chat-frameworks.sh\"\n";
			showEnvVarsInLog = 0;
		};
		AB76F8A8E74ECE8ECD818170 /* [CP] Check Pods Manifest.lock */ = {
			isa = PBXShellScriptBuildPhase;
			buildActionMask = 2147483647;
			files = (
			);
			inputFileListPaths = (
			);
			inputPaths = (
				"${PODS_PODFILE_DIR_PATH}/Podfile.lock",
				"${PODS_ROOT}/Manifest.lock",
			);
			name = "[CP] Check Pods Manifest.lock";
			outputFileListPaths = (
			);
			outputPaths = (
				"$(DERIVED_FILE_DIR)/Pods-flash-chat-checkManifestLockResult.txt",
			);
			runOnlyForDeploymentPostprocessing = 0;
			shellPath = /bin/sh;
			shellScript = "diff \"${PODS_PODFILE_DIR_PATH}/Podfile.lock\" \"${PODS_ROOT}/Manifest.lock\" > /dev/null\nif [ $? != 0 ] ; then\n    # print error to STDERR\n    echo \"error: The sandbox is not in sync with the Podfile.lock. Run 'pod install' or update your CocoaPods installation.\" >&2\n    exit 1\nfi\n# This output is used by Xcode 'outputs' to avoid re-running this script phase.\necho \"SUCCESS\" > \"${SCRIPT_OUTPUT_FILE_0}\"\n";
			showEnvVarsInLog = 0;
		};
/* End PBXShellScriptBuildPhase section */

/* Begin PBXSourcesBuildPhase section */
		3059E6C0255BDC4100D5F915 /* Sources */ = {
			isa = PBXSourcesBuildPhase;
			buildActionMask = 2147483647;
			files = (
				3059E6CC255BDC4100D5F915 /* WelcomeViewController.swift in Sources */,
				3059E6C8255BDC4100D5F915 /* AppDelegate.swift in Sources */,
				3059E6CA255BDC4100D5F915 /* SceneDelegate.swift in Sources */,
				3059E6E5255BEB1F00D5F915 /* LoginViewController.swift in Sources */,
				30307938255D29450087212B /* Constants.swift in Sources */,
				3030794E255D2AE80087212B /* Message.swift in Sources */,
				3059E6E9255BEE1E00D5F915 /* ChatViewController.swift in Sources */,
				3059E6E2255BEA0400D5F915 /* RegisterViewController.swift in Sources */,
				30307953255D2E6A0087212B /* MessageCell.swift in Sources */,
			);
			runOnlyForDeploymentPostprocessing = 0;
		};
/* End PBXSourcesBuildPhase section */

/* Begin PBXVariantGroup section */
		3059E6CD255BDC4100D5F915 /* Main.storyboard */ = {
			isa = PBXVariantGroup;
			children = (
				3059E6CE255BDC4100D5F915 /* Base */,
			);
			name = Main.storyboard;
			sourceTree = "<group>";
		};
		3059E6D2255BDC4500D5F915 /* LaunchScreen.storyboard */ = {
			isa = PBXVariantGroup;
			children = (
				3059E6D3255BDC4500D5F915 /* Base */,
			);
			name = LaunchScreen.storyboard;
			sourceTree = "<group>";
		};
/* End PBXVariantGroup section */

/* Begin XCBuildConfiguration section */
		3059E6D6255BDC4500D5F915 /* Debug */ = {
			isa = XCBuildConfiguration;
			buildSettings = {
				ALWAYS_SEARCH_USER_PATHS = NO;
				CLANG_ANALYZER_NONNULL = YES;
				CLANG_ANALYZER_NUMBER_OBJECT_CONVERSION = YES_AGGRESSIVE;
				CLANG_CXX_LANGUAGE_STANDARD = "gnu++14";
				CLANG_CXX_LIBRARY = "libc++";
				CLANG_ENABLE_MODULES = YES;
				CLANG_ENABLE_OBJC_ARC = YES;
				CLANG_ENABLE_OBJC_WEAK = YES;
				CLANG_WARN_BLOCK_CAPTURE_AUTORELEASING = YES;
				CLANG_WARN_BOOL_CONVERSION = YES;
				CLANG_WARN_COMMA = YES;
				CLANG_WARN_CONSTANT_CONVERSION = YES;
				CLANG_WARN_DEPRECATED_OBJC_IMPLEMENTATIONS = YES;
				CLANG_WARN_DIRECT_OBJC_ISA_USAGE = YES_ERROR;
				CLANG_WARN_DOCUMENTATION_COMMENTS = YES;
				CLANG_WARN_EMPTY_BODY = YES;
				CLANG_WARN_ENUM_CONVERSION = YES;
				CLANG_WARN_INFINITE_RECURSION = YES;
				CLANG_WARN_INT_CONVERSION = YES;
				CLANG_WARN_NON_LITERAL_NULL_CONVERSION = YES;
				CLANG_WARN_OBJC_IMPLICIT_RETAIN_SELF = YES;
				CLANG_WARN_OBJC_LITERAL_CONVERSION = YES;
				CLANG_WARN_OBJC_ROOT_CLASS = YES_ERROR;
				CLANG_WARN_QUOTED_INCLUDE_IN_FRAMEWORK_HEADER = YES;
				CLANG_WARN_RANGE_LOOP_ANALYSIS = YES;
				CLANG_WARN_STRICT_PROTOTYPES = YES;
				CLANG_WARN_SUSPICIOUS_MOVE = YES;
				CLANG_WARN_UNGUARDED_AVAILABILITY = YES_AGGRESSIVE;
				CLANG_WARN_UNREACHABLE_CODE = YES;
				CLANG_WARN__DUPLICATE_METHOD_MATCH = YES;
				COPY_PHASE_STRIP = NO;
				DEBUG_INFORMATION_FORMAT = dwarf;
				ENABLE_STRICT_OBJC_MSGSEND = YES;
				ENABLE_TESTABILITY = YES;
				GCC_C_LANGUAGE_STANDARD = gnu11;
				GCC_DYNAMIC_NO_PIC = NO;
				GCC_NO_COMMON_BLOCKS = YES;
				GCC_OPTIMIZATION_LEVEL = 0;
				GCC_PREPROCESSOR_DEFINITIONS = (
					"DEBUG=1",
					"$(inherited)",
				);
				GCC_WARN_64_TO_32_BIT_CONVERSION = YES;
				GCC_WARN_ABOUT_RETURN_TYPE = YES_ERROR;
				GCC_WARN_UNDECLARED_SELECTOR = YES;
				GCC_WARN_UNINITIALIZED_AUTOS = YES_AGGRESSIVE;
				GCC_WARN_UNUSED_FUNCTION = YES;
				GCC_WARN_UNUSED_VARIABLE = YES;
				IPHONEOS_DEPLOYMENT_TARGET = 14.1;
				MTL_ENABLE_DEBUG_INFO = INCLUDE_SOURCE;
				MTL_FAST_MATH = YES;
				ONLY_ACTIVE_ARCH = YES;
				SDKROOT = iphoneos;
				SWIFT_ACTIVE_COMPILATION_CONDITIONS = DEBUG;
				SWIFT_OPTIMIZATION_LEVEL = "-Onone";
			};
			name = Debug;
		};
		3059E6D7255BDC4500D5F915 /* Release */ = {
			isa = XCBuildConfiguration;
			buildSettings = {
				ALWAYS_SEARCH_USER_PATHS = NO;
				CLANG_ANALYZER_NONNULL = YES;
				CLANG_ANALYZER_NUMBER_OBJECT_CONVERSION = YES_AGGRESSIVE;
				CLANG_CXX_LANGUAGE_STANDARD = "gnu++14";
				CLANG_CXX_LIBRARY = "libc++";
				CLANG_ENABLE_MODULES = YES;
				CLANG_ENABLE_OBJC_ARC = YES;
				CLANG_ENABLE_OBJC_WEAK = YES;
				CLANG_WARN_BLOCK_CAPTURE_AUTORELEASING = YES;
				CLANG_WARN_BOOL_CONVERSION = YES;
				CLANG_WARN_COMMA = YES;
				CLANG_WARN_CONSTANT_CONVERSION = YES;
				CLANG_WARN_DEPRECATED_OBJC_IMPLEMENTATIONS = YES;
				CLANG_WARN_DIRECT_OBJC_ISA_USAGE = YES_ERROR;
				CLANG_WARN_DOCUMENTATION_COMMENTS = YES;
				CLANG_WARN_EMPTY_BODY = YES;
				CLANG_WARN_ENUM_CONVERSION = YES;
				CLANG_WARN_INFINITE_RECURSION = YES;
				CLANG_WARN_INT_CONVERSION = YES;
				CLANG_WARN_NON_LITERAL_NULL_CONVERSION = YES;
				CLANG_WARN_OBJC_IMPLICIT_RETAIN_SELF = YES;
				CLANG_WARN_OBJC_LITERAL_CONVERSION = YES;
				CLANG_WARN_OBJC_ROOT_CLASS = YES_ERROR;
				CLANG_WARN_QUOTED_INCLUDE_IN_FRAMEWORK_HEADER = YES;
				CLANG_WARN_RANGE_LOOP_ANALYSIS = YES;
				CLANG_WARN_STRICT_PROTOTYPES = YES;
				CLANG_WARN_SUSPICIOUS_MOVE = YES;
				CLANG_WARN_UNGUARDED_AVAILABILITY = YES_AGGRESSIVE;
				CLANG_WARN_UNREACHABLE_CODE = YES;
				CLANG_WARN__DUPLICATE_METHOD_MATCH = YES;
				COPY_PHASE_STRIP = NO;
				DEBUG_INFORMATION_FORMAT = "dwarf-with-dsym";
				ENABLE_NS_ASSERTIONS = NO;
				ENABLE_STRICT_OBJC_MSGSEND = YES;
				GCC_C_LANGUAGE_STANDARD = gnu11;
				GCC_NO_COMMON_BLOCKS = YES;
				GCC_WARN_64_TO_32_BIT_CONVERSION = YES;
				GCC_WARN_ABOUT_RETURN_TYPE = YES_ERROR;
				GCC_WARN_UNDECLARED_SELECTOR = YES;
				GCC_WARN_UNINITIALIZED_AUTOS = YES_AGGRESSIVE;
				GCC_WARN_UNUSED_FUNCTION = YES;
				GCC_WARN_UNUSED_VARIABLE = YES;
				IPHONEOS_DEPLOYMENT_TARGET = 14.1;
				MTL_ENABLE_DEBUG_INFO = NO;
				MTL_FAST_MATH = YES;
				SDKROOT = iphoneos;
				SWIFT_COMPILATION_MODE = wholemodule;
				SWIFT_OPTIMIZATION_LEVEL = "-O";
				VALIDATE_PRODUCT = YES;
			};
			name = Release;
		};
		3059E6D9255BDC4500D5F915 /* Debug */ = {
			isa = XCBuildConfiguration;
			baseConfigurationReference = 408B00E39F34D9FB3D1AA145 /* Pods-flash-chat.debug.xcconfig */;
			buildSettings = {
				ASSETCATALOG_COMPILER_APPICON_NAME = AppIcon;
				ASSETCATALOG_COMPILER_GLOBAL_ACCENT_COLOR_NAME = AccentColor;
				CODE_SIGN_STYLE = Automatic;
				DEVELOPMENT_TEAM = 9SM882PEZ9;
				INFOPLIST_FILE = "flash-chat/Info.plist";
				LD_RUNPATH_SEARCH_PATHS = (
					"$(inherited)",
					"@executable_path/Frameworks",
				);
				PRODUCT_BUNDLE_IDENTIFIER = com.jayzwalker.flashChat;
				PRODUCT_NAME = "$(TARGET_NAME)";
				SWIFT_VERSION = 5.0;
				TARGETED_DEVICE_FAMILY = "1,2";
			};
			name = Debug;
		};
		3059E6DA255BDC4500D5F915 /* Release */ = {
			isa = XCBuildConfiguration;
			baseConfigurationReference = B313E4746A79A56C5B81145A /* Pods-flash-chat.release.xcconfig */;
			buildSettings = {
				ASSETCATALOG_COMPILER_APPICON_NAME = AppIcon;
				ASSETCATALOG_COMPILER_GLOBAL_ACCENT_COLOR_NAME = AccentColor;
				CODE_SIGN_STYLE = Automatic;
				DEVELOPMENT_TEAM = 9SM882PEZ9;
				INFOPLIST_FILE = "flash-chat/Info.plist";
				LD_RUNPATH_SEARCH_PATHS = (
					"$(inherited)",
					"@executable_path/Frameworks",
				);
				PRODUCT_BUNDLE_IDENTIFIER = com.jayzwalker.flashChat;
				PRODUCT_NAME = "$(TARGET_NAME)";
				SWIFT_VERSION = 5.0;
				TARGETED_DEVICE_FAMILY = "1,2";
			};
			name = Release;
		};
/* End XCBuildConfiguration section */

/* Begin XCConfigurationList section */
		3059E6BF255BDC4100D5F915 /* Build configuration list for PBXProject "flash-chat" */ = {
			isa = XCConfigurationList;
			buildConfigurations = (
				3059E6D6255BDC4500D5F915 /* Debug */,
				3059E6D7255BDC4500D5F915 /* Release */,
			);
			defaultConfigurationIsVisible = 0;
			defaultConfigurationName = Release;
		};
		3059E6D8255BDC4500D5F915 /* Build configuration list for PBXNativeTarget "flash-chat" */ = {
			isa = XCConfigurationList;
			buildConfigurations = (
				3059E6D9255BDC4500D5F915 /* Debug */,
				3059E6DA255BDC4500D5F915 /* Release */,
			);
			defaultConfigurationIsVisible = 0;
			defaultConfigurationName = Release;
		};
/* End XCConfigurationList section */
	};
	rootObject = 3059E6BC255BDC4100D5F915 /* Project object */;
}
